<Solution>
  <Project Path="../EXERCICIO  ROBINSON/EXERCICIO  ROBINSON/EXERCICIO  ROBINSON.csproj" />
  <Project Path="EXERCICIO 2 ROBINSON/EXERCICIO 2 ROBINSON.csproj" />
  <Project Path="EXERCICIO 3/EXERCICIO 3.csproj" />
  <Project Path="EXERCICIO 4/EXERCICIO 4.csproj" Id="8d7d1758-6c91-4583-9b60-bc569920900b" />
  <Project Path="EXERCICIO 5/EXERCICIO 5.csproj" Id="6ea546f9-e93c-4244-af31-4b3d9f404006" />
</Solution>
